
Microsoft Visual Studio Solution File, Format Version 12.00
# Visual Studio Version 16
VisualStudioVersion = 16.0.30717.126
MinimumVisualStudioVersion = 10.0.40219.1
Project("{FAE04EC0-301F-11D3-BF4B-00C04F79EFBC}") = "addrWin0302", "addrWin0302\addrWin0302.csproj", "{DDF72326-1FA1-4DE2-B425-D2C031706638}"
EndProject
Global
	GlobalSection(SolutionConfigurationPlatforms) = preSolution
		Debug|Any CPU = Debug|Any CPU
		Release|Any CPU = Release|Any CPU
	EndGlobalSection
	GlobalSection(ProjectConfigurationPlatforms) = postSolution
		{DDF72326-1FA1-4DE2-B425-D2C031706638}.Debug|Any CPU.ActiveCfg = Debug|Any CPU
		{DDF72326-1FA1-4DE2-B425-D2C031706638}.Debug|Any CPU.Build.0 = Debug|Any CPU
		{DDF72326-1FA1-4DE2-B425-D2C031706638}.Release|Any CPU.ActiveCfg = Release|Any CPU
		{DDF72326-1FA1-4DE2-B425-D2C031706638}.Release|Any CPU.Build.0 = Release|Any CPU
	EndGlobalSection
	GlobalSection(SolutionProperties) = preSolution
		HideSolutionNode = FALSE
	EndGlobalSection
	GlobalSection(ExtensibilityGlobals) = postSolution
		SolutionGuid = {52F1BFD2-68F3-42BB-BD3D-A9B2B3836044}
	EndGlobalSection
EndGlobal
