
Microsoft Visual Studio Solution File, Format Version 12.00
# Visual Studio Version 16
VisualStudioVersion = 16.0.30717.126
MinimumVisualStudioVersion = 10.0.40219.1
Project("{FAE04EC0-301F-11D3-BF4B-00C04F79EFBC}") = "WindowsFormsApp1", "WindowsFormsApp1\WindowsFormsApp1.csproj", "{9565E71F-89EC-4928-98D0-1090BF221A3F}"
EndProject
Global
	GlobalSection(SolutionConfigurationPlatforms) = preSolution
		Debug|Any CPU = Debug|Any CPU
		Release|Any CPU = Release|Any CPU
	EndGlobalSection
	GlobalSection(ProjectConfigurationPlatforms) = postSolution
		{9565E71F-89EC-4928-98D0-1090BF221A3F}.Debug|Any CPU.ActiveCfg = Debug|Any CPU
		{9565E71F-89EC-4928-98D0-1090BF221A3F}.Debug|Any CPU.Build.0 = Debug|Any CPU
		{9565E71F-89EC-4928-98D0-1090BF221A3F}.Release|Any CPU.ActiveCfg = Release|Any CPU
		{9565E71F-89EC-4928-98D0-1090BF221A3F}.Release|Any CPU.Build.0 = Release|Any CPU
	EndGlobalSection
	GlobalSection(SolutionProperties) = preSolution
		HideSolutionNode = FALSE
	EndGlobalSection
	GlobalSection(ExtensibilityGlobals) = postSolution
		SolutionGuid = {D9982D30-4162-46FE-A5FD-F1CD086D1A22}
	EndGlobalSection
EndGlobal
