
Microsoft Visual Studio Solution File, Format Version 12.00
# Visual Studio Version 16
VisualStudioVersion = 16.0.30717.126
MinimumVisualStudioVersion = 10.0.40219.1
Project("{FAE04EC0-301F-11D3-BF4B-00C04F79EFBC}") = "Consol5", "Consol5\Consol5.csproj", "{BFC3EF79-8329-4938-9C1A-7295C69C5B9F}"
EndProject
Project("{FAE04EC0-301F-11D3-BF4B-00C04F79EFBC}") = "Algorithm_20201218", "Algorithm_20201218\Algorithm_20201218.csproj", "{873A08F5-B5C0-447F-9CE4-8FD22A7E2458}"
EndProject
Global
	GlobalSection(SolutionConfigurationPlatforms) = preSolution
		Debug|Any CPU = Debug|Any CPU
		Release|Any CPU = Release|Any CPU
	EndGlobalSection
	GlobalSection(ProjectConfigurationPlatforms) = postSolution
		{BFC3EF79-8329-4938-9C1A-7295C69C5B9F}.Debug|Any CPU.ActiveCfg = Debug|Any CPU
		{BFC3EF79-8329-4938-9C1A-7295C69C5B9F}.Debug|Any CPU.Build.0 = Debug|Any CPU
		{BFC3EF79-8329-4938-9C1A-7295C69C5B9F}.Release|Any CPU.ActiveCfg = Release|Any CPU
		{BFC3EF79-8329-4938-9C1A-7295C69C5B9F}.Release|Any CPU.Build.0 = Release|Any CPU
		{873A08F5-B5C0-447F-9CE4-8FD22A7E2458}.Debug|Any CPU.ActiveCfg = Debug|Any CPU
		{873A08F5-B5C0-447F-9CE4-8FD22A7E2458}.Debug|Any CPU.Build.0 = Debug|Any CPU
		{873A08F5-B5C0-447F-9CE4-8FD22A7E2458}.Release|Any CPU.ActiveCfg = Release|Any CPU
		{873A08F5-B5C0-447F-9CE4-8FD22A7E2458}.Release|Any CPU.Build.0 = Release|Any CPU
	EndGlobalSection
	GlobalSection(SolutionProperties) = preSolution
		HideSolutionNode = FALSE
	EndGlobalSection
	GlobalSection(ExtensibilityGlobals) = postSolution
		SolutionGuid = {85D2A300-70D6-41B8-BCE8-938D9F60FDA0}
	EndGlobalSection
EndGlobal
