
Microsoft Visual Studio Solution File, Format Version 12.00
# Visual Studio Version 16
VisualStudioVersion = 16.0.30717.126
MinimumVisualStudioVersion = 10.0.40219.1
Project("{FAE04EC0-301F-11D3-BF4B-00C04F79EFBC}") = "adressTest0218", "adressTest0218\adressTest0218.csproj", "{5D5606C8-6D05-4AA8-AC46-78435DA10417}"
EndProject
Global
	GlobalSection(SolutionConfigurationPlatforms) = preSolution
		Debug|Any CPU = Debug|Any CPU
		Release|Any CPU = Release|Any CPU
	EndGlobalSection
	GlobalSection(ProjectConfigurationPlatforms) = postSolution
		{5D5606C8-6D05-4AA8-AC46-78435DA10417}.Debug|Any CPU.ActiveCfg = Debug|Any CPU
		{5D5606C8-6D05-4AA8-AC46-78435DA10417}.Debug|Any CPU.Build.0 = Debug|Any CPU
		{5D5606C8-6D05-4AA8-AC46-78435DA10417}.Release|Any CPU.ActiveCfg = Release|Any CPU
		{5D5606C8-6D05-4AA8-AC46-78435DA10417}.Release|Any CPU.Build.0 = Release|Any CPU
	EndGlobalSection
	GlobalSection(SolutionProperties) = preSolution
		HideSolutionNode = FALSE
	EndGlobalSection
	GlobalSection(ExtensibilityGlobals) = postSolution
		SolutionGuid = {DB1A1380-9720-4F5D-8A69-F6C0EFAE3748}
	EndGlobalSection
EndGlobal
