
Microsoft Visual Studio Solution File, Format Version 12.00
# Visual Studio Version 16
VisualStudioVersion = 16.0.30717.126
MinimumVisualStudioVersion = 10.0.40219.1
Project("{FAE04EC0-301F-11D3-BF4B-00C04F79EFBC}") = "problem2", "problem2\problem2.csproj", "{FCB79D27-981B-4359-AE0B-48EEAD84723B}"
EndProject
Project("{FAE04EC0-301F-11D3-BF4B-00C04F79EFBC}") = "problem3", "problem3\problem3.csproj", "{694DA8AD-0B36-4837-AE23-BCC1B627FD86}"
EndProject
Global
	GlobalSection(SolutionConfigurationPlatforms) = preSolution
		Debug|Any CPU = Debug|Any CPU
		Release|Any CPU = Release|Any CPU
	EndGlobalSection
	GlobalSection(ProjectConfigurationPlatforms) = postSolution
		{FCB79D27-981B-4359-AE0B-48EEAD84723B}.Debug|Any CPU.ActiveCfg = Debug|Any CPU
		{FCB79D27-981B-4359-AE0B-48EEAD84723B}.Debug|Any CPU.Build.0 = Debug|Any CPU
		{FCB79D27-981B-4359-AE0B-48EEAD84723B}.Release|Any CPU.ActiveCfg = Release|Any CPU
		{FCB79D27-981B-4359-AE0B-48EEAD84723B}.Release|Any CPU.Build.0 = Release|Any CPU
		{694DA8AD-0B36-4837-AE23-BCC1B627FD86}.Debug|Any CPU.ActiveCfg = Debug|Any CPU
		{694DA8AD-0B36-4837-AE23-BCC1B627FD86}.Debug|Any CPU.Build.0 = Debug|Any CPU
		{694DA8AD-0B36-4837-AE23-BCC1B627FD86}.Release|Any CPU.ActiveCfg = Release|Any CPU
		{694DA8AD-0B36-4837-AE23-BCC1B627FD86}.Release|Any CPU.Build.0 = Release|Any CPU
	EndGlobalSection
	GlobalSection(SolutionProperties) = preSolution
		HideSolutionNode = FALSE
	EndGlobalSection
	GlobalSection(ExtensibilityGlobals) = postSolution
		SolutionGuid = {19AB11A1-3D3B-4C17-AF5C-870283A15D1E}
	EndGlobalSection
EndGlobal
